
Microsoft Visual Studio Solution File, Format Version 12.00
# Visual Studio Version 17
VisualStudioVersion = 17.1.32210.238
MinimumVisualStudioVersion = 10.0.40219.1
Project("{9A19103F-16F7-4668-BE54-9A1E7A4F7556}") = "СomplexityOfAlgorithms", "СomplexityOfAlgorithms.csproj", "{DAD02600-04A0-4976-9FBF-920592FB3F33}"
EndProject
Global
	GlobalSection(SolutionConfigurationPlatforms) = preSolution
		Debug|Any CPU = Debug|Any CPU
		Release|Any CPU = Release|Any CPU
	EndGlobalSection
	GlobalSection(ProjectConfigurationPlatforms) = postSolution
		{DAD02600-04A0-4976-9FBF-920592FB3F33}.Debug|Any CPU.ActiveCfg = Debug|Any CPU
		{DAD02600-04A0-4976-9FBF-920592FB3F33}.Debug|Any CPU.Build.0 = Debug|Any CPU
		{DAD02600-04A0-4976-9FBF-920592FB3F33}.Release|Any CPU.ActiveCfg = Release|Any CPU
		{DAD02600-04A0-4976-9FBF-920592FB3F33}.Release|Any CPU.Build.0 = Release|Any CPU
	EndGlobalSection
	GlobalSection(SolutionProperties) = preSolution
		HideSolutionNode = FALSE
	EndGlobalSection
	GlobalSection(ExtensibilityGlobals) = postSolution
		SolutionGuid = {961C8850-A20D-410D-A812-F0429A2C5EC8}
	EndGlobalSection
EndGlobal
